
Microsoft Visual Studio Solution File, Format Version 12.00
# Visual Studio Version 17
VisualStudioVersion = 17.3.32922.545
MinimumVisualStudioVersion = 10.0.40219.1
Project("{FAE04EC0-301F-11D3-BF4B-00C04F79EFBC}") = "LaLigaFans", "LaLigaFans\LaLigaFans.csproj", "{DF2C7944-D35F-4B10-B9A3-BFDCD6471712}"
EndProject
Global
	GlobalSection(SolutionConfigurationPlatforms) = preSolution
		Debug|Any CPU = Debug|Any CPU
		Release|Any CPU = Release|Any CPU
	EndGlobalSection
	GlobalSection(ProjectConfigurationPlatforms) = postSolution
		{DF2C7944-D35F-4B10-B9A3-BFDCD6471712}.Debug|Any CPU.ActiveCfg = Debug|Any CPU
		{DF2C7944-D35F-4B10-B9A3-BFDCD6471712}.Debug|Any CPU.Build.0 = Debug|Any CPU
		{DF2C7944-D35F-4B10-B9A3-BFDCD6471712}.Release|Any CPU.ActiveCfg = Release|Any CPU
		{DF2C7944-D35F-4B10-B9A3-BFDCD6471712}.Release|Any CPU.Build.0 = Release|Any CPU
	EndGlobalSection
	GlobalSection(SolutionProperties) = preSolution
		HideSolutionNode = FALSE
	EndGlobalSection
	GlobalSection(ExtensibilityGlobals) = postSolution
		SolutionGuid = {54D1A071-374E-45FD-9ACE-78B47D55DFF1}
	EndGlobalSection
EndGlobal
